
Microsoft Visual Studio Solution File, Format Version 12.00
# Visual Studio 15
Project("{FAE04EC0-301F-11D3-BF4B-00C04F79EFBC}") = "Assembly-CSharp", "Assembly-CSharp.csproj", "{C3711613-C8FF-E75B-2938-C844C39B1B8A}"
EndProject
Project("{FAE04EC0-301F-11D3-BF4B-00C04F79EFBC}") = "Assembly-CSharp-Editor", "Assembly-CSharp-Editor.csproj", "{DFB8EED1-A9D3-D189-AE8B-78E47B18EB93}"
EndProject
Global
	GlobalSection(SolutionConfigurationPlatforms) = preSolution
		Debug|Any CPU = Debug|Any CPU
		Release|Any CPU = Release|Any CPU
	EndGlobalSection
	GlobalSection(ProjectConfigurationPlatforms) = postSolution
		{C3711613-C8FF-E75B-2938-C844C39B1B8A}.Debug|Any CPU.ActiveCfg = Debug|Any CPU
		{C3711613-C8FF-E75B-2938-C844C39B1B8A}.Debug|Any CPU.Build.0 = Debug|Any CPU
		{C3711613-C8FF-E75B-2938-C844C39B1B8A}.Release|Any CPU.ActiveCfg = Release|Any CPU
		{C3711613-C8FF-E75B-2938-C844C39B1B8A}.Release|Any CPU.Build.0 = Release|Any CPU
		{DFB8EED1-A9D3-D189-AE8B-78E47B18EB93}.Debug|Any CPU.ActiveCfg = Debug|Any CPU
		{DFB8EED1-A9D3-D189-AE8B-78E47B18EB93}.Debug|Any CPU.Build.0 = Debug|Any CPU
		{DFB8EED1-A9D3-D189-AE8B-78E47B18EB93}.Release|Any CPU.ActiveCfg = Release|Any CPU
		{DFB8EED1-A9D3-D189-AE8B-78E47B18EB93}.Release|Any CPU.Build.0 = Release|Any CPU
	EndGlobalSection
	GlobalSection(SolutionProperties) = preSolution
		HideSolutionNode = FALSE
	EndGlobalSection
EndGlobal
